
Microsoft Visual Studio Solution File, Format Version 12.00
# Visual Studio Version 16
VisualStudioVersion = 16.0.28527.54
MinimumVisualStudioVersion = 10.0.40219.1
Project("{FAE04EC0-301F-11D3-BF4B-00C04F79EFBC}") = "Instent Volume Control", "Instent Volume Control.csproj", "{0FB2C238-87F1-4234-81E8-694A445F156D}"
EndProject
Global
	GlobalSection(SolutionConfigurationPlatforms) = preSolution
		Debug|Any CPU = Debug|Any CPU
		Release|Any CPU = Release|Any CPU
	EndGlobalSection
	GlobalSection(ProjectConfigurationPlatforms) = postSolution
		{0FB2C238-87F1-4234-81E8-694A445F156D}.Debug|Any CPU.ActiveCfg = Debug|Any CPU
		{0FB2C238-87F1-4234-81E8-694A445F156D}.Debug|Any CPU.Build.0 = Debug|Any CPU
		{0FB2C238-87F1-4234-81E8-694A445F156D}.Release|Any CPU.ActiveCfg = Release|Any CPU
		{0FB2C238-87F1-4234-81E8-694A445F156D}.Release|Any CPU.Build.0 = Release|Any CPU
	EndGlobalSection
	GlobalSection(SolutionProperties) = preSolution
		HideSolutionNode = FALSE
	EndGlobalSection
	GlobalSection(ExtensibilityGlobals) = postSolution
		SolutionGuid = {1F77466F-7C2C-4F30-9F1B-A0CC76AEFB4D}
	EndGlobalSection
EndGlobal
